
Microsoft Visual Studio Solution File, Format Version 12.00
# Visual Studio Version 17
VisualStudioVersion = 17.12.35527.113
MinimumVisualStudioVersion = 10.0.40219.1
Project("{FAE04EC0-301F-11D3-BF4B-00C04F79EFBC}") = "SharpQuestAssignment", "SharpQuestAssignment.csproj", "{18D3EC64-365B-4FCB-A0BD-F9B32D26B297}"
EndProject
Project("{FAE04EC0-301F-11D3-BF4B-00C04F79EFBC}") = "SharpQuestAssignment.Test", "..\SharpQuestAssignment.Test\SharpQuestAssignment.Test.csproj", "{B9F57486-4FCB-4193-B2CF-0BBDB4FF199B}"
EndProject
Global
	GlobalSection(SolutionConfigurationPlatforms) = preSolution
		Debug|Any CPU = Debug|Any CPU
		Release|Any CPU = Release|Any CPU
	EndGlobalSection
	GlobalSection(ProjectConfigurationPlatforms) = postSolution
		{18D3EC64-365B-4FCB-A0BD-F9B32D26B297}.Debug|Any CPU.ActiveCfg = Debug|Any CPU
		{18D3EC64-365B-4FCB-A0BD-F9B32D26B297}.Debug|Any CPU.Build.0 = Debug|Any CPU
		{18D3EC64-365B-4FCB-A0BD-F9B32D26B297}.Release|Any CPU.ActiveCfg = Release|Any CPU
		{18D3EC64-365B-4FCB-A0BD-F9B32D26B297}.Release|Any CPU.Build.0 = Release|Any CPU
		{B9F57486-4FCB-4193-B2CF-0BBDB4FF199B}.Debug|Any CPU.ActiveCfg = Debug|Any CPU
		{B9F57486-4FCB-4193-B2CF-0BBDB4FF199B}.Debug|Any CPU.Build.0 = Debug|Any CPU
		{B9F57486-4FCB-4193-B2CF-0BBDB4FF199B}.Release|Any CPU.ActiveCfg = Release|Any CPU
		{B9F57486-4FCB-4193-B2CF-0BBDB4FF199B}.Release|Any CPU.Build.0 = Release|Any CPU
	EndGlobalSection
	GlobalSection(SolutionProperties) = preSolution
		HideSolutionNode = FALSE
	EndGlobalSection
EndGlobal
